
Microsoft Visual Studio Solution File, Format Version 12.00
# Visual Studio Version 17
VisualStudioVersion = 17.1.32421.90
MinimumVisualStudioVersion = 10.0.40219.1
Project("{FAE04EC0-301F-11D3-BF4B-00C04F79EFBC}") = "TilePlannerUI", "TilePlannerUI\TilePlannerUI.csproj", "{5C202411-705F-43A8-9F82-09AA16292912}"
EndProject
Project("{FAE04EC0-301F-11D3-BF4B-00C04F79EFBC}") = "TPDataLibrary", "TPDataLibrary\TPDataLibrary.csproj", "{645FB33F-DB04-460F-AB15-533A68EE24CF}"
EndProject
Global
	GlobalSection(SolutionConfigurationPlatforms) = preSolution
		Debug|Any CPU = Debug|Any CPU
		Release|Any CPU = Release|Any CPU
	EndGlobalSection
	GlobalSection(ProjectConfigurationPlatforms) = postSolution
		{5C202411-705F-43A8-9F82-09AA16292912}.Debug|Any CPU.ActiveCfg = Debug|Any CPU
		{5C202411-705F-43A8-9F82-09AA16292912}.Debug|Any CPU.Build.0 = Debug|Any CPU
		{5C202411-705F-43A8-9F82-09AA16292912}.Release|Any CPU.ActiveCfg = Release|Any CPU
		{5C202411-705F-43A8-9F82-09AA16292912}.Release|Any CPU.Build.0 = Release|Any CPU
		{645FB33F-DB04-460F-AB15-533A68EE24CF}.Debug|Any CPU.ActiveCfg = Debug|Any CPU
		{645FB33F-DB04-460F-AB15-533A68EE24CF}.Debug|Any CPU.Build.0 = Debug|Any CPU
		{645FB33F-DB04-460F-AB15-533A68EE24CF}.Release|Any CPU.ActiveCfg = Release|Any CPU
		{645FB33F-DB04-460F-AB15-533A68EE24CF}.Release|Any CPU.Build.0 = Release|Any CPU
	EndGlobalSection
	GlobalSection(SolutionProperties) = preSolution
		HideSolutionNode = FALSE
	EndGlobalSection
	GlobalSection(ExtensibilityGlobals) = postSolution
		SolutionGuid = {E588DA13-AFFF-4C51-98FF-E972D60F5ACA}
	EndGlobalSection
EndGlobal
